
Microsoft Visual Studio Solution File, Format Version 12.00
# Visual Studio 2013
VisualStudioVersion = 12.0.21005.1
MinimumVisualStudioVersion = 10.0.40219.1
Project("{FAE04EC0-301F-11D3-BF4B-00C04F79EFBC}") = "Estudos - Lógica - 001", "Estudos - Lógica\Estudos - Lógica - 001.csproj", "{9AED1EE1-3651-4A30-84C2-2D0B73BAE444}"
EndProject
Project("{FAE04EC0-301F-11D3-BF4B-00C04F79EFBC}") = "Estudos - Lógica - 002", "Estudos - Lógica - 002\Estudos - Lógica - 002.csproj", "{8D6C8443-BB0E-4EA9-9ED0-75055D7074C9}"
EndProject
Project("{FAE04EC0-301F-11D3-BF4B-00C04F79EFBC}") = "Estudos - Lógica - 003", "Estudos - Lógica - 003\Estudos - Lógica - 003.csproj", "{8C43A76F-7EBE-46C5-8A9F-6BAB7294D58D}"
EndProject
Project("{FAE04EC0-301F-11D3-BF4B-00C04F79EFBC}") = "Estudos - Lógica - 004", "Estudos - Lógica - 004\Estudos - Lógica - 004.csproj", "{C20EFD74-D31F-4D32-A32B-D7291C6CB469}"
EndProject
Global
	GlobalSection(SolutionConfigurationPlatforms) = preSolution
		Debug|Any CPU = Debug|Any CPU
		Release|Any CPU = Release|Any CPU
	EndGlobalSection
	GlobalSection(ProjectConfigurationPlatforms) = postSolution
		{9AED1EE1-3651-4A30-84C2-2D0B73BAE444}.Debug|Any CPU.ActiveCfg = Debug|Any CPU
		{9AED1EE1-3651-4A30-84C2-2D0B73BAE444}.Debug|Any CPU.Build.0 = Debug|Any CPU
		{9AED1EE1-3651-4A30-84C2-2D0B73BAE444}.Release|Any CPU.ActiveCfg = Release|Any CPU
		{9AED1EE1-3651-4A30-84C2-2D0B73BAE444}.Release|Any CPU.Build.0 = Release|Any CPU
		{8D6C8443-BB0E-4EA9-9ED0-75055D7074C9}.Debug|Any CPU.ActiveCfg = Debug|Any CPU
		{8D6C8443-BB0E-4EA9-9ED0-75055D7074C9}.Debug|Any CPU.Build.0 = Debug|Any CPU
		{8D6C8443-BB0E-4EA9-9ED0-75055D7074C9}.Release|Any CPU.ActiveCfg = Release|Any CPU
		{8D6C8443-BB0E-4EA9-9ED0-75055D7074C9}.Release|Any CPU.Build.0 = Release|Any CPU
		{8C43A76F-7EBE-46C5-8A9F-6BAB7294D58D}.Debug|Any CPU.ActiveCfg = Debug|Any CPU
		{8C43A76F-7EBE-46C5-8A9F-6BAB7294D58D}.Debug|Any CPU.Build.0 = Debug|Any CPU
		{8C43A76F-7EBE-46C5-8A9F-6BAB7294D58D}.Release|Any CPU.ActiveCfg = Release|Any CPU
		{8C43A76F-7EBE-46C5-8A9F-6BAB7294D58D}.Release|Any CPU.Build.0 = Release|Any CPU
		{C20EFD74-D31F-4D32-A32B-D7291C6CB469}.Debug|Any CPU.ActiveCfg = Debug|Any CPU
		{C20EFD74-D31F-4D32-A32B-D7291C6CB469}.Debug|Any CPU.Build.0 = Debug|Any CPU
		{C20EFD74-D31F-4D32-A32B-D7291C6CB469}.Release|Any CPU.ActiveCfg = Release|Any CPU
		{C20EFD74-D31F-4D32-A32B-D7291C6CB469}.Release|Any CPU.Build.0 = Release|Any CPU
	EndGlobalSection
	GlobalSection(SolutionProperties) = preSolution
		HideSolutionNode = FALSE
	EndGlobalSection
EndGlobal
